// !$*UTF8*$!
{
	archiveVersion = 1;
	classes = {
	};
	objectVersion = 56;
	objects = {

/* Begin PBXBuildFile section */
		4815C1162C2681D8008D8001 /* AudioPlayer.swift in Sources */ = {isa = PBXBuildFile; fileRef = 4815C1152C2681D8008D8001 /* AudioPlayer.swift */; };
		48CB96A02C17C25200ED3B4F /* RestartApp.swift in Sources */ = {isa = PBXBuildFile; fileRef = 48CB969F2C17C25200ED3B4F /* RestartApp.swift */; };
		48CB96A22C17C25200ED3B4F /* ContentView.swift in Sources */ = {isa = PBXBuildFile; fileRef = 48CB96A12C17C25200ED3B4F /* ContentView.swift */; };
		48CB96A42C17C25600ED3B4F /* Assets.xcassets in Resources */ = {isa = PBXBuildFile; fileRef = 48CB96A32C17C25600ED3B4F /* Assets.xcassets */; };
		48CB96A72C17C25600ED3B4F /* Preview Assets.xcassets in Resources */ = {isa = PBXBuildFile; fileRef = 48CB96A62C17C25600ED3B4F /* Preview Assets.xcassets */; };
		48CB96AF2C17C32600ED3B4F /* chimeup.mp3 in Resources */ = {isa = PBXBuildFile; fileRef = 48CB96AD2C17C32600ED3B4F /* chimeup.mp3 */; };
		48CB96B02C17C32600ED3B4F /* success.m4a in Resources */ = {isa = PBXBuildFile; fileRef = 48CB96AE2C17C32600ED3B4F /* success.m4a */; };
		48CB96B72C17C9F000ED3B4F /* OnboardingView.swift in Sources */ = {isa = PBXBuildFile; fileRef = 48CB96B62C17C9F000ED3B4F /* OnboardingView.swift */; };
		48CB96B92C17CA2200ED3B4F /* HomeView.swift in Sources */ = {isa = PBXBuildFile; fileRef = 48CB96B82C17CA2200ED3B4F /* HomeView.swift */; };
		48CB96BC2C19445D00ED3B4F /* CircleGroupView.swift in Sources */ = {isa = PBXBuildFile; fileRef = 48CB96BB2C19445D00ED3B4F /* CircleGroupView.swift */; };
/* End PBXBuildFile section */

/* Begin PBXFileReference section */
		4815C1152C2681D8008D8001 /* AudioPlayer.swift */ = {isa = PBXFileReference; lastKnownFileType = sourcecode.swift; path = AudioPlayer.swift; sourceTree = "<group>"; };
		48CB969C2C17C25200ED3B4F /* Restart.app */ = {isa = PBXFileReference; explicitFileType = wrapper.application; includeInIndex = 0; path = Restart.app; sourceTree = BUILT_PRODUCTS_DIR; };
		48CB969F2C17C25200ED3B4F /* RestartApp.swift */ = {isa = PBXFileReference; lastKnownFileType = sourcecode.swift; path = RestartApp.swift; sourceTree = "<group>"; };
		48CB96A12C17C25200ED3B4F /* ContentView.swift */ = {isa = PBXFileReference; lastKnownFileType = sourcecode.swift; path = ContentView.swift; sourceTree = "<group>"; };
		48CB96A32C17C25600ED3B4F /* Assets.xcassets */ = {isa = PBXFileReference; lastKnownFileType = folder.assetcatalog; path = Assets.xcassets; sourceTree = "<group>"; };
		48CB96A62C17C25600ED3B4F /* Preview Assets.xcassets */ = {isa = PBXFileReference; lastKnownFileType = folder.assetcatalog; path = "Preview Assets.xcassets"; sourceTree = "<group>"; };
		48CB96AD2C17C32600ED3B4F /* chimeup.mp3 */ = {isa = PBXFileReference; lastKnownFileType = audio.mp3; path = chimeup.mp3; sourceTree = "<group>"; };
		48CB96AE2C17C32600ED3B4F /* success.m4a */ = {isa = PBXFileReference; lastKnownFileType = file; path = success.m4a; sourceTree = "<group>"; };
		48CB96B52C17C6C200ED3B4F /* Info.plist */ = {isa = PBXFileReference; lastKnownFileType = text.plist; path = Info.plist; sourceTree = "<group>"; };
		48CB96B62C17C9F000ED3B4F /* OnboardingView.swift */ = {isa = PBXFileReference; lastKnownFileType = sourcecode.swift; path = OnboardingView.swift; sourceTree = "<group>"; };
		48CB96B82C17CA2200ED3B4F /* HomeView.swift */ = {isa = PBXFileReference; lastKnownFileType = sourcecode.swift; path = HomeView.swift; sourceTree = "<group>"; };
		48CB96BB2C19445D00ED3B4F /* CircleGroupView.swift */ = {isa = PBXFileReference; lastKnownFileType = sourcecode.swift; path = CircleGroupView.swift; sourceTree = "<group>"; };
/* End PBXFileReference section */

/* Begin PBXFrameworksBuildPhase section */
		48CB96992C17C25200ED3B4F /* Frameworks */ = {
			isa = PBXFrameworksBuildPhase;
			buildActionMask = 2147483647;
			files = (
			);
			runOnlyForDeploymentPostprocessing = 0;
		};
/* End PBXFrameworksBuildPhase section */

/* Begin PBXGroup section */
		48CB96932C17C25100ED3B4F = {
			isa = PBXGroup;
			children = (
				48CB969E2C17C25200ED3B4F /* Restart */,
				48CB969D2C17C25200ED3B4F /* Products */,
			);
			sourceTree = "<group>";
		};
		48CB969D2C17C25200ED3B4F /* Products */ = {
			isa = PBXGroup;
			children = (
				48CB969C2C17C25200ED3B4F /* Restart.app */,
			);
			name = Products;
			sourceTree = "<group>";
		};
		48CB969E2C17C25200ED3B4F /* Restart */ = {
			isa = PBXGroup;
			children = (
				48CB96B52C17C6C200ED3B4F /* Info.plist */,
				48CB96B32C17C43000ED3B4F /* Views */,
				48CB969F2C17C25200ED3B4F /* RestartApp.swift */,
				48CB96B42C17C44800ED3B4F /* Utilities */,
				48CB96B22C17C42200ED3B4F /* Screens */,
				48CB96A32C17C25600ED3B4F /* Assets.xcassets */,
				48CB96B12C17C33B00ED3B4F /* Sounds */,
				48CB96A52C17C25600ED3B4F /* Preview Content */,
			);
			path = Restart;
			sourceTree = "<group>";
		};
		48CB96A52C17C25600ED3B4F /* Preview Content */ = {
			isa = PBXGroup;
			children = (
				48CB96A62C17C25600ED3B4F /* Preview Assets.xcassets */,
			);
			path = "Preview Content";
			sourceTree = "<group>";
		};
		48CB96B12C17C33B00ED3B4F /* Sounds */ = {
			isa = PBXGroup;
			children = (
				48CB96AD2C17C32600ED3B4F /* chimeup.mp3 */,
				48CB96AE2C17C32600ED3B4F /* success.m4a */,
			);
			path = Sounds;
			sourceTree = "<group>";
		};
		48CB96B22C17C42200ED3B4F /* Screens */ = {
			isa = PBXGroup;
			children = (
				48CB96A12C17C25200ED3B4F /* ContentView.swift */,
				48CB96B62C17C9F000ED3B4F /* OnboardingView.swift */,
				48CB96B82C17CA2200ED3B4F /* HomeView.swift */,
			);
			path = Screens;
			sourceTree = "<group>";
		};
		48CB96B32C17C43000ED3B4F /* Views */ = {
			isa = PBXGroup;
			children = (
				48CB96BB2C19445D00ED3B4F /* CircleGroupView.swift */,
			);
			path = Views;
			sourceTree = "<group>";
		};
		48CB96B42C17C44800ED3B4F /* Utilities */ = {
			isa = PBXGroup;
			children = (
				4815C1152C2681D8008D8001 /* AudioPlayer.swift */,
			);
			path = Utilities;
			sourceTree = "<group>";
		};
/* End PBXGroup section */

/* Begin PBXNativeTarget section */
		48CB969B2C17C25200ED3B4F /* Restart */ = {
			isa = PBXNativeTarget;
			buildConfigurationList = 48CB96AA2C17C25600ED3B4F /* Build configuration list for PBXNativeTarget "Restart" */;
			buildPhases = (
				48CB96982C17C25200ED3B4F /* Sources */,
				48CB96992C17C25200ED3B4F /* Frameworks */,
				48CB969A2C17C25200ED3B4F /* Resources */,
			);
			buildRules = (
			);
			dependencies = (
			);
			name = Restart;
			productName = Restart;
			productReference = 48CB969C2C17C25200ED3B4F /* Restart.app */;
			productType = "com.apple.product-type.application";
		};
/* End PBXNativeTarget section */

/* Begin PBXProject section */
		48CB96942C17C25200ED3B4F /* Project object */ = {
			isa = PBXProject;
			attributes = {
				BuildIndependentTargetsInParallel = 1;
				LastSwiftUpdateCheck = 1420;
				LastUpgradeCheck = 1420;
				TargetAttributes = {
					48CB969B2C17C25200ED3B4F = {
						CreatedOnToolsVersion = 14.2;
					};
				};
			};
			buildConfigurationList = 48CB96972C17C25200ED3B4F /* Build configuration list for PBXProject "Restart" */;
			compatibilityVersion = "Xcode 14.0";
			developmentRegion = en;
			hasScannedForEncodings = 0;
			knownRegions = (
				en,
				Base,
			);
			mainGroup = 48CB96932C17C25100ED3B4F;
			productRefGroup = 48CB969D2C17C25200ED3B4F /* Products */;
			projectDirPath = "";
			projectRoot = "";
			targets = (
				48CB969B2C17C25200ED3B4F /* Restart */,
			);
		};
/* End PBXProject section */

/* Begin PBXResourcesBuildPhase section */
		48CB969A2C17C25200ED3B4F /* Resources */ = {
			isa = PBXResourcesBuildPhase;
			buildActionMask = 2147483647;
			files = (
				48CB96B02C17C32600ED3B4F /* success.m4a in Resources */,
				48CB96AF2C17C32600ED3B4F /* chimeup.mp3 in Resources */,
				48CB96A72C17C25600ED3B4F /* Preview Assets.xcassets in Resources */,
				48CB96A42C17C25600ED3B4F /* Assets.xcassets in Resources */,
			);
			runOnlyForDeploymentPostprocessing = 0;
		};
/* End PBXResourcesBuildPhase section */

/* Begin PBXSourcesBuildPhase section */
		48CB96982C17C25200ED3B4F /* Sources */ = {
			isa = PBXSourcesBuildPhase;
			buildActionMask = 2147483647;
			files = (
				48CB96BC2C19445D00ED3B4F /* CircleGroupView.swift in Sources */,
				48CB96B72C17C9F000ED3B4F /* OnboardingView.swift in Sources */,
				48CB96B92C17CA2200ED3B4F /* HomeView.swift in Sources */,
				48CB96A22C17C25200ED3B4F /* ContentView.swift in Sources */,
				48CB96A02C17C25200ED3B4F /* RestartApp.swift in Sources */,
				4815C1162C2681D8008D8001 /* AudioPlayer.swift in Sources */,
			);
			runOnlyForDeploymentPostprocessing = 0;
		};
/* End PBXSourcesBuildPhase section */

/* Begin XCBuildConfiguration section */
		48CB96A82C17C25600ED3B4F /* Debug */ = {
			isa = XCBuildConfiguration;
			buildSettings = {
				ALWAYS_SEARCH_USER_PATHS = NO;
				CLANG_ANALYZER_NONNULL = YES;
				CLANG_ANALYZER_NUMBER_OBJECT_CONVERSION = YES_AGGRESSIVE;
				CLANG_CXX_LANGUAGE_STANDARD = "gnu++20";
				CLANG_ENABLE_MODULES = YES;
				CLANG_ENABLE_OBJC_ARC = YES;
				CLANG_ENABLE_OBJC_WEAK = YES;
				CLANG_WARN_BLOCK_CAPTURE_AUTORELEASING = YES;
				CLANG_WARN_BOOL_CONVERSION = YES;
				CLANG_WARN_COMMA = YES;
				CLANG_WARN_CONSTANT_CONVERSION = YES;
				CLANG_WARN_DEPRECATED_OBJC_IMPLEMENTATIONS = YES;
				CLANG_WARN_DIRECT_OBJC_ISA_USAGE = YES_ERROR;
				CLANG_WARN_DOCUMENTATION_COMMENTS = YES;
				CLANG_WARN_EMPTY_BODY = YES;
				CLANG_WARN_ENUM_CONVERSION = YES;
				CLANG_WARN_INFINITE_RECURSION = YES;
				CLANG_WARN_INT_CONVERSION = YES;
				CLANG_WARN_NON_LITERAL_NULL_CONVERSION = YES;
				CLANG_WARN_OBJC_IMPLICIT_RETAIN_SELF = YES;
				CLANG_WARN_OBJC_LITERAL_CONVERSION = YES;
				CLANG_WARN_OBJC_ROOT_CLASS = YES_ERROR;
				CLANG_WARN_QUOTED_INCLUDE_IN_FRAMEWORK_HEADER = YES;
				CLANG_WARN_RANGE_LOOP_ANALYSIS = YES;
				CLANG_WARN_STRICT_PROTOTYPES = YES;
				CLANG_WARN_SUSPICIOUS_MOVE = YES;
				CLANG_WARN_UNGUARDED_AVAILABILITY = YES_AGGRESSIVE;
				CLANG_WARN_UNREACHABLE_CODE = YES;
				CLANG_WARN__DUPLICATE_METHOD_MATCH = YES;
				COPY_PHASE_STRIP = NO;
				DEBUG_INFORMATION_FORMAT = dwarf;
				ENABLE_STRICT_OBJC_MSGSEND = YES;
				ENABLE_TESTABILITY = YES;
				GCC_C_LANGUAGE_STANDARD = gnu11;
				GCC_DYNAMIC_NO_PIC = NO;
				GCC_NO_COMMON_BLOCKS = YES;
				GCC_OPTIMIZATION_LEVEL = 0;
				GCC_PREPROCESSOR_DEFINITIONS = (
					"DEBUG=1",
					"$(inherited)",
				);
				GCC_WARN_64_TO_32_BIT_CONVERSION = YES;
				GCC_WARN_ABOUT_RETURN_TYPE = YES_ERROR;
				GCC_WARN_UNDECLARED_SELECTOR = YES;
				GCC_WARN_UNINITIALIZED_AUTOS = YES_AGGRESSIVE;
				GCC_WARN_UNUSED_FUNCTION = YES;
				GCC_WARN_UNUSED_VARIABLE = YES;
				IPHONEOS_DEPLOYMENT_TARGET = 16.2;
				MTL_ENABLE_DEBUG_INFO = INCLUDE_SOURCE;
				MTL_FAST_MATH = YES;
				ONLY_ACTIVE_ARCH = YES;
				SDKROOT = iphoneos;
				SWIFT_ACTIVE_COMPILATION_CONDITIONS = DEBUG;
				SWIFT_OPTIMIZATION_LEVEL = "-Onone";
			};
			name = Debug;
		};
		48CB96A92C17C25600ED3B4F /* Release */ = {
			isa = XCBuildConfiguration;
			buildSettings = {
				ALWAYS_SEARCH_USER_PATHS = NO;
				CLANG_ANALYZER_NONNULL = YES;
				CLANG_ANALYZER_NUMBER_OBJECT_CONVERSION = YES_AGGRESSIVE;
				CLANG_CXX_LANGUAGE_STANDARD = "gnu++20";
				CLANG_ENABLE_MODULES = YES;
				CLANG_ENABLE_OBJC_ARC = YES;
				CLANG_ENABLE_OBJC_WEAK = YES;
				CLANG_WARN_BLOCK_CAPTURE_AUTORELEASING = YES;
				CLANG_WARN_BOOL_CONVERSION = YES;
				CLANG_WARN_COMMA = YES;
				CLANG_WARN_CONSTANT_CONVERSION = YES;
				CLANG_WARN_DEPRECATED_OBJC_IMPLEMENTATIONS = YES;
				CLANG_WARN_DIRECT_OBJC_ISA_USAGE = YES_ERROR;
				CLANG_WARN_DOCUMENTATION_COMMENTS = YES;
				CLANG_WARN_EMPTY_BODY = YES;
				CLANG_WARN_ENUM_CONVERSION = YES;
				CLANG_WARN_INFINITE_RECURSION = YES;
				CLANG_WARN_INT_CONVERSION = YES;
				CLANG_WARN_NON_LITERAL_NULL_CONVERSION = YES;
				CLANG_WARN_OBJC_IMPLICIT_RETAIN_SELF = YES;
				CLANG_WARN_OBJC_LITERAL_CONVERSION = YES;
				CLANG_WARN_OBJC_ROOT_CLASS = YES_ERROR;
				CLANG_WARN_QUOTED_INCLUDE_IN_FRAMEWORK_HEADER = YES;
				CLANG_WARN_RANGE_LOOP_ANALYSIS = YES;
				CLANG_WARN_STRICT_PROTOTYPES = YES;
				CLANG_WARN_SUSPICIOUS_MOVE = YES;
				CLANG_WARN_UNGUARDED_AVAILABILITY = YES_AGGRESSIVE;
				CLANG_WARN_UNREACHABLE_CODE = YES;
				CLANG_WARN__DUPLICATE_METHOD_MATCH = YES;
				COPY_PHASE_STRIP = NO;
				DEBUG_INFORMATION_FORMAT = "dwarf-with-dsym";
				ENABLE_NS_ASSERTIONS = NO;
				ENABLE_STRICT_OBJC_MSGSEND = YES;
				GCC_C_LANGUAGE_STANDARD = gnu11;
				GCC_NO_COMMON_BLOCKS = YES;
				GCC_WARN_64_TO_32_BIT_CONVERSION = YES;
				GCC_WARN_ABOUT_RETURN_TYPE = YES_ERROR;
				GCC_WARN_UNDECLARED_SELECTOR = YES;
				GCC_WARN_UNINITIALIZED_AUTOS = YES_AGGRESSIVE;
				GCC_WARN_UNUSED_FUNCTION = YES;
				GCC_WARN_UNUSED_VARIABLE = YES;
				IPHONEOS_DEPLOYMENT_TARGET = 16.2;
				MTL_ENABLE_DEBUG_INFO = NO;
				MTL_FAST_MATH = YES;
				SDKROOT = iphoneos;
				SWIFT_COMPILATION_MODE = wholemodule;
				SWIFT_OPTIMIZATION_LEVEL = "-O";
				VALIDATE_PRODUCT = YES;
			};
			name = Release;
		};
		48CB96AB2C17C25600ED3B4F /* Debug */ = {
			isa = XCBuildConfiguration;
			buildSettings = {
				ASSETCATALOG_COMPILER_APPICON_NAME = AppIcon;
				ASSETCATALOG_COMPILER_GLOBAL_ACCENT_COLOR_NAME = AccentColor;
				CODE_SIGN_STYLE = Automatic;
				CURRENT_PROJECT_VERSION = 1;
				DEVELOPMENT_ASSET_PATHS = "\"Restart/Preview Content\"";
				DEVELOPMENT_TEAM = 28UNC76MDZ;
				ENABLE_PREVIEWS = YES;
				GENERATE_INFOPLIST_FILE = YES;
				INFOPLIST_FILE = Restart/Info.plist;
				INFOPLIST_KEY_UIApplicationSceneManifest_Generation = YES;
				INFOPLIST_KEY_UIApplicationSupportsIndirectInputEvents = YES;
				INFOPLIST_KEY_UISupportedInterfaceOrientations = UIInterfaceOrientationPortrait;
				IPHONEOS_DEPLOYMENT_TARGET = 15.0;
				LD_RUNPATH_SEARCH_PATHS = (
					"$(inherited)",
					"@executable_path/Frameworks",
				);
				MARKETING_VERSION = 1.0;
				PRODUCT_BUNDLE_IDENTIFIER = com.oscarmyerston.Restart;
				PRODUCT_NAME = "$(TARGET_NAME)";
				SWIFT_EMIT_LOC_STRINGS = YES;
				SWIFT_VERSION = 5.0;
				TARGETED_DEVICE_FAMILY = "1,2";
			};
			name = Debug;
		};
		48CB96AC2C17C25600ED3B4F /* Release */ = {
			isa = XCBuildConfiguration;
			buildSettings = {
				ASSETCATALOG_COMPILER_APPICON_NAME = AppIcon;
				ASSETCATALOG_COMPILER_GLOBAL_ACCENT_COLOR_NAME = AccentColor;
				CODE_SIGN_STYLE = Automatic;
				CURRENT_PROJECT_VERSION = 1;
				DEVELOPMENT_ASSET_PATHS = "\"Restart/Preview Content\"";
				DEVELOPMENT_TEAM = 28UNC76MDZ;
				ENABLE_PREVIEWS = YES;
				GENERATE_INFOPLIST_FILE = YES;
				INFOPLIST_FILE = Restart/Info.plist;
				INFOPLIST_KEY_UIApplicationSceneManifest_Generation = YES;
				INFOPLIST_KEY_UIApplicationSupportsIndirectInputEvents = YES;
				INFOPLIST_KEY_UISupportedInterfaceOrientations = UIInterfaceOrientationPortrait;
				IPHONEOS_DEPLOYMENT_TARGET = 15.0;
				LD_RUNPATH_SEARCH_PATHS = (
					"$(inherited)",
					"@executable_path/Frameworks",
				);
				MARKETING_VERSION = 1.0;
				PRODUCT_BUNDLE_IDENTIFIER = com.oscarmyerston.Restart;
				PRODUCT_NAME = "$(TARGET_NAME)";
				SWIFT_EMIT_LOC_STRINGS = YES;
				SWIFT_VERSION = 5.0;
				TARGETED_DEVICE_FAMILY = "1,2";
			};
			name = Release;
		};
/* End XCBuildConfiguration section */

/* Begin XCConfigurationList section */
		48CB96972C17C25200ED3B4F /* Build configuration list for PBXProject "Restart" */ = {
			isa = XCConfigurationList;
			buildConfigurations = (
				48CB96A82C17C25600ED3B4F /* Debug */,
				48CB96A92C17C25600ED3B4F /* Release */,
			);
			defaultConfigurationIsVisible = 0;
			defaultConfigurationName = Release;
		};
		48CB96AA2C17C25600ED3B4F /* Build configuration list for PBXNativeTarget "Restart" */ = {
			isa = XCConfigurationList;
			buildConfigurations = (
				48CB96AB2C17C25600ED3B4F /* Debug */,
				48CB96AC2C17C25600ED3B4F /* Release */,
			);
			defaultConfigurationIsVisible = 0;
			defaultConfigurationName = Release;
		};
/* End XCConfigurationList section */
	};
	rootObject = 48CB96942C17C25200ED3B4F /* Project object */;
}
